// !$*UTF8*$!
{
	archiveVersion = 1;
	classes = {
	};
	objectVersion = 50;
	objects = {

/* Begin PBXBuildFile section */
		210478EE214AE22600977E16 /* AppDelegate.swift in Sources */ = {isa = PBXBuildFile; fileRef = 210478ED214AE22600977E16 /* AppDelegate.swift */; };
		210478F2214AE22600977E16 /* LoginViewController.swift in Sources */ = {isa = PBXBuildFile; fileRef = 210478F1214AE22600977E16 /* LoginViewController.swift */; };
		210478F5214AE22600977E16 /* Main.storyboard in Resources */ = {isa = PBXBuildFile; fileRef = 210478F3214AE22600977E16 /* Main.storyboard */; };
		210478F7214AE23800977E16 /* Assets.xcassets in Resources */ = {isa = PBXBuildFile; fileRef = 210478F6214AE23800977E16 /* Assets.xcassets */; };
		210478FA214AE23800977E16 /* LaunchScreen.storyboard in Resources */ = {isa = PBXBuildFile; fileRef = 210478F8214AE23800977E16 /* LaunchScreen.storyboard */; };
		21047902214AEDEF00977E16 /* TasksViewController.swift in Sources */ = {isa = PBXBuildFile; fileRef = 21047901214AEDEF00977E16 /* TasksViewController.swift */; };
		21047904214AEDFE00977E16 /* NoticeboardViewController.swift in Sources */ = {isa = PBXBuildFile; fileRef = 21047903214AEDFE00977E16 /* NoticeboardViewController.swift */; };
		21047906214AEE0A00977E16 /* TimetableViewController.swift in Sources */ = {isa = PBXBuildFile; fileRef = 21047905214AEE0A00977E16 /* TimetableViewController.swift */; };
		21047908214AEE5C00977E16 /* LoadingViewController.swift in Sources */ = {isa = PBXBuildFile; fileRef = 21047907214AEE5C00977E16 /* LoadingViewController.swift */; };
		2104790E214B00F600977E16 /* CustomTextField.swift in Sources */ = {isa = PBXBuildFile; fileRef = 2104790D214B00F600977E16 /* CustomTextField.swift */; };
		2164304E2156D300008341ED /* bar.png in Resources */ = {isa = PBXBuildFile; fileRef = 2164304D2156D2FF008341ED /* bar.png */; };
		216430522156E0B6008341ED /* Singleton.swift in Sources */ = {isa = PBXBuildFile; fileRef = 216430512156E0B6008341ED /* Singleton.swift */; };
		21643055215AD80D008341ED /* LessonCell.swift in Sources */ = {isa = PBXBuildFile; fileRef = 21643054215AD80D008341ED /* LessonCell.swift */; };
		29E64A53215D0A66002747DF /* NotificationCenter.framework in Frameworks */ = {isa = PBXBuildFile; fileRef = 29E64A52215D0A66002747DF /* NotificationCenter.framework */; };
		29E64A56215D0A66002747DF /* TodayViewController.swift in Sources */ = {isa = PBXBuildFile; fileRef = 29E64A55215D0A66002747DF /* TodayViewController.swift */; };
		29E64A59215D0A66002747DF /* MainInterface.storyboard in Resources */ = {isa = PBXBuildFile; fileRef = 29E64A57215D0A66002747DF /* MainInterface.storyboard */; };
		29E64A5D215D0A66002747DF /* Timetable.appex in Embed App Extensions */ = {isa = PBXBuildFile; fileRef = 29E64A51215D0A65002747DF /* Timetable.appex */; settings = {ATTRIBUTES = (RemoveHeadersOnCopy, ); }; };
		4696BFD519142039D2102E52 /* Pods_Waterfly.framework in Frameworks */ = {isa = PBXBuildFile; fileRef = 68A0A4996042641EF322758A /* Pods_Waterfly.framework */; };
		808DC731F24F72C2A73FEACD /* Pods_Timetable.framework in Frameworks */ = {isa = PBXBuildFile; fileRef = C473061885E0CC301226F19D /* Pods_Timetable.framework */; };
		D451E0B9199E6CBDCC89AF8B /* Pods_Waterfly.framework in Frameworks */ = {isa = PBXBuildFile; fileRef = 29E64A62215D0FC4002747DF /* Pods_Waterfly.framework */; };
/* End PBXBuildFile section */

/* Begin PBXContainerItemProxy section */
		29E64A5B215D0A66002747DF /* PBXContainerItemProxy */ = {
			isa = PBXContainerItemProxy;
			containerPortal = 210478E2214AE22600977E16 /* Project object */;
			proxyType = 1;
			remoteGlobalIDString = 29E64A50215D0A65002747DF;
			remoteInfo = Timetable;
		};
/* End PBXContainerItemProxy section */

/* Begin PBXCopyFilesBuildPhase section */
		29E64A61215D0A66002747DF /* Embed App Extensions */ = {
			isa = PBXCopyFilesBuildPhase;
			buildActionMask = 2147483647;
			dstPath = "";
			dstSubfolderSpec = 13;
			files = (
				29E64A5D215D0A66002747DF /* Timetable.appex in Embed App Extensions */,
			);
			name = "Embed App Extensions";
			runOnlyForDeploymentPostprocessing = 0;
		};
/* End PBXCopyFilesBuildPhase section */

/* Begin PBXFileReference section */
		1008C7E74236BEC3E6DCF28B /* Pods-Timetable.release.xcconfig */ = {isa = PBXFileReference; includeInIndex = 1; lastKnownFileType = text.xcconfig; name = "Pods-Timetable.release.xcconfig"; path = "Pods/Target Support Files/Pods-Timetable/Pods-Timetable.release.xcconfig"; sourceTree = "<group>"; };
		210478EA214AE22600977E16 /* Waterfly.app */ = {isa = PBXFileReference; explicitFileType = wrapper.application; includeInIndex = 0; path = Waterfly.app; sourceTree = BUILT_PRODUCTS_DIR; };
		210478ED214AE22600977E16 /* AppDelegate.swift */ = {isa = PBXFileReference; lastKnownFileType = sourcecode.swift; path = AppDelegate.swift; sourceTree = "<group>"; };
		210478F1214AE22600977E16 /* LoginViewController.swift */ = {isa = PBXFileReference; lastKnownFileType = sourcecode.swift; path = LoginViewController.swift; sourceTree = "<group>"; };
		210478F4214AE22600977E16 /* Base */ = {isa = PBXFileReference; lastKnownFileType = file.storyboard; name = Base; path = Base.lproj/Main.storyboard; sourceTree = "<group>"; };
		210478F6214AE23800977E16 /* Assets.xcassets */ = {isa = PBXFileReference; lastKnownFileType = folder.assetcatalog; path = Assets.xcassets; sourceTree = "<group>"; };
		210478F9214AE23800977E16 /* Base */ = {isa = PBXFileReference; lastKnownFileType = file.storyboard; name = Base; path = Base.lproj/LaunchScreen.storyboard; sourceTree = "<group>"; };
		210478FB214AE23800977E16 /* Info.plist */ = {isa = PBXFileReference; lastKnownFileType = text.plist.xml; path = Info.plist; sourceTree = "<group>"; };
		21047901214AEDEF00977E16 /* TasksViewController.swift */ = {isa = PBXFileReference; lastKnownFileType = sourcecode.swift; path = TasksViewController.swift; sourceTree = "<group>"; };
		21047903214AEDFE00977E16 /* NoticeboardViewController.swift */ = {isa = PBXFileReference; lastKnownFileType = sourcecode.swift; path = NoticeboardViewController.swift; sourceTree = "<group>"; };
		21047905214AEE0A00977E16 /* TimetableViewController.swift */ = {isa = PBXFileReference; lastKnownFileType = sourcecode.swift; path = TimetableViewController.swift; sourceTree = "<group>"; };
		21047907214AEE5C00977E16 /* LoadingViewController.swift */ = {isa = PBXFileReference; lastKnownFileType = sourcecode.swift; path = LoadingViewController.swift; sourceTree = "<group>"; };
		2104790D214B00F600977E16 /* CustomTextField.swift */ = {isa = PBXFileReference; lastKnownFileType = sourcecode.swift; path = CustomTextField.swift; sourceTree = "<group>"; };
		2164304D2156D2FF008341ED /* bar.png */ = {isa = PBXFileReference; lastKnownFileType = image.png; path = bar.png; sourceTree = "<group>"; };
		216430512156E0B6008341ED /* Singleton.swift */ = {isa = PBXFileReference; lastKnownFileType = sourcecode.swift; path = Singleton.swift; sourceTree = "<group>"; };
		216430532156FF6C008341ED /* Waterfly.entitlements */ = {isa = PBXFileReference; lastKnownFileType = text.plist.entitlements; path = Waterfly.entitlements; sourceTree = "<group>"; };
		21643054215AD80D008341ED /* LessonCell.swift */ = {isa = PBXFileReference; lastKnownFileType = sourcecode.swift; path = LessonCell.swift; sourceTree = "<group>"; };
		29E64A51215D0A65002747DF /* Timetable.appex */ = {isa = PBXFileReference; explicitFileType = "wrapper.app-extension"; includeInIndex = 0; path = Timetable.appex; sourceTree = BUILT_PRODUCTS_DIR; };
		29E64A52215D0A66002747DF /* NotificationCenter.framework */ = {isa = PBXFileReference; lastKnownFileType = wrapper.framework; name = NotificationCenter.framework; path = System/Library/Frameworks/NotificationCenter.framework; sourceTree = SDKROOT; };
		29E64A55215D0A66002747DF /* TodayViewController.swift */ = {isa = PBXFileReference; lastKnownFileType = sourcecode.swift; path = TodayViewController.swift; sourceTree = "<group>"; };
		29E64A58215D0A66002747DF /* Base */ = {isa = PBXFileReference; lastKnownFileType = file.storyboard; name = Base; path = Base.lproj/MainInterface.storyboard; sourceTree = "<group>"; };
		29E64A5A215D0A66002747DF /* Info.plist */ = {isa = PBXFileReference; lastKnownFileType = text.plist.xml; path = Info.plist; sourceTree = "<group>"; };
		29E64A62215D0FC4002747DF /* Pods_Waterfly.framework */ = {isa = PBXFileReference; explicitFileType = wrapper.framework; path = Pods_Waterfly.framework; sourceTree = BUILT_PRODUCTS_DIR; };
		29E64A64215D12E3002747DF /* Timetable.entitlements */ = {isa = PBXFileReference; lastKnownFileType = text.plist.entitlements; path = Timetable.entitlements; sourceTree = "<group>"; };
		2B23B51D5E4FCA2D03E2E628 /* Pods-Timetable.debug.xcconfig */ = {isa = PBXFileReference; includeInIndex = 1; lastKnownFileType = text.xcconfig; name = "Pods-Timetable.debug.xcconfig"; path = "Pods/Target Support Files/Pods-Timetable/Pods-Timetable.debug.xcconfig"; sourceTree = "<group>"; };
		68A0A4996042641EF322758A /* Pods_Waterfly.framework */ = {isa = PBXFileReference; explicitFileType = wrapper.framework; includeInIndex = 0; path = Pods_Waterfly.framework; sourceTree = BUILT_PRODUCTS_DIR; };
		AFAC6F9E7A264A1A77CD4E8F /* Pods-Waterfly.release.xcconfig */ = {isa = PBXFileReference; includeInIndex = 1; lastKnownFileType = text.xcconfig; name = "Pods-Waterfly.release.xcconfig"; path = "Pods/Target Support Files/Pods-Waterfly/Pods-Waterfly.release.xcconfig"; sourceTree = "<group>"; };
		C1A3E37C6F77942461A3A8F7 /* Pods-Waterfly.debug.xcconfig */ = {isa = PBXFileReference; includeInIndex = 1; lastKnownFileType = text.xcconfig; name = "Pods-Waterfly.debug.xcconfig"; path = "Pods/Target Support Files/Pods-Waterfly/Pods-Waterfly.debug.xcconfig"; sourceTree = "<group>"; };
		C473061885E0CC301226F19D /* Pods_Timetable.framework */ = {isa = PBXFileReference; explicitFileType = wrapper.framework; includeInIndex = 0; path = Pods_Timetable.framework; sourceTree = BUILT_PRODUCTS_DIR; };
/* End PBXFileReference section */

/* Begin PBXFrameworksBuildPhase section */
		210478E7214AE22600977E16 /* Frameworks */ = {
			isa = PBXFrameworksBuildPhase;
			buildActionMask = 2147483647;
			files = (
				4696BFD519142039D2102E52 /* Pods_Waterfly.framework in Frameworks */,
				D451E0B9199E6CBDCC89AF8B /* Pods_Waterfly.framework in Frameworks */,
			);
			runOnlyForDeploymentPostprocessing = 0;
		};
		29E64A4E215D0A65002747DF /* Frameworks */ = {
			isa = PBXFrameworksBuildPhase;
			buildActionMask = 2147483647;
			files = (
				29E64A53215D0A66002747DF /* NotificationCenter.framework in Frameworks */,
				808DC731F24F72C2A73FEACD /* Pods_Timetable.framework in Frameworks */,
			);
			runOnlyForDeploymentPostprocessing = 0;
		};
/* End PBXFrameworksBuildPhase section */

/* Begin PBXGroup section */
		210478E1214AE22600977E16 = {
			isa = PBXGroup;
			children = (
				210478EC214AE22600977E16 /* Waterfly */,
				29E64A54215D0A66002747DF /* Timetable */,
				210478EB214AE22600977E16 /* Products */,
				91EE4031382AF92AA474384F /* Pods */,
				29CFC47E28FD442A4A8718DB /* Frameworks */,
			);
			sourceTree = "<group>";
		};
		210478EB214AE22600977E16 /* Products */ = {
			isa = PBXGroup;
			children = (
				210478EA214AE22600977E16 /* Waterfly.app */,
				29E64A51215D0A65002747DF /* Timetable.appex */,
			);
			name = Products;
			sourceTree = "<group>";
		};
		210478EC214AE22600977E16 /* Waterfly */ = {
			isa = PBXGroup;
			children = (
				216430532156FF6C008341ED /* Waterfly.entitlements */,
				210478ED214AE22600977E16 /* AppDelegate.swift */,
				210478F1214AE22600977E16 /* LoginViewController.swift */,
				210478F3214AE22600977E16 /* Main.storyboard */,
				21643054215AD80D008341ED /* LessonCell.swift */,
				2104790D214B00F600977E16 /* CustomTextField.swift */,
				21047907214AEE5C00977E16 /* LoadingViewController.swift */,
				216430512156E0B6008341ED /* Singleton.swift */,
				21047901214AEDEF00977E16 /* TasksViewController.swift */,
				21047903214AEDFE00977E16 /* NoticeboardViewController.swift */,
				21047905214AEE0A00977E16 /* TimetableViewController.swift */,
				2164304D2156D2FF008341ED /* bar.png */,
				210478F6214AE23800977E16 /* Assets.xcassets */,
				210478F8214AE23800977E16 /* LaunchScreen.storyboard */,
				210478FB214AE23800977E16 /* Info.plist */,
			);
			path = Waterfly;
			sourceTree = "<group>";
		};
		29CFC47E28FD442A4A8718DB /* Frameworks */ = {
			isa = PBXGroup;
			children = (
				29E64A62215D0FC4002747DF /* Pods_Waterfly.framework */,
				68A0A4996042641EF322758A /* Pods_Waterfly.framework */,
				29E64A52215D0A66002747DF /* NotificationCenter.framework */,
				C473061885E0CC301226F19D /* Pods_Timetable.framework */,
			);
			name = Frameworks;
			sourceTree = "<group>";
		};
		29E64A54215D0A66002747DF /* Timetable */ = {
			isa = PBXGroup;
			children = (
				29E64A64215D12E3002747DF /* Timetable.entitlements */,
				29E64A55215D0A66002747DF /* TodayViewController.swift */,
				29E64A57215D0A66002747DF /* MainInterface.storyboard */,
				29E64A5A215D0A66002747DF /* Info.plist */,
			);
			path = Timetable;
			sourceTree = "<group>";
		};
		91EE4031382AF92AA474384F /* Pods */ = {
			isa = PBXGroup;
			children = (
				C1A3E37C6F77942461A3A8F7 /* Pods-Waterfly.debug.xcconfig */,
				AFAC6F9E7A264A1A77CD4E8F /* Pods-Waterfly.release.xcconfig */,
				2B23B51D5E4FCA2D03E2E628 /* Pods-Timetable.debug.xcconfig */,
				1008C7E74236BEC3E6DCF28B /* Pods-Timetable.release.xcconfig */,
			);
			name = Pods;
			sourceTree = "<group>";
		};
/* End PBXGroup section */

/* Begin PBXNativeTarget section */
		210478E9214AE22600977E16 /* Waterfly */ = {
			isa = PBXNativeTarget;
			buildConfigurationList = 210478FE214AE23800977E16 /* Build configuration list for PBXNativeTarget "Waterfly" */;
			buildPhases = (
				FE808565D3C4E2B07F6DDADC /* [CP] Check Pods Manifest.lock */,
				210478E6214AE22600977E16 /* Sources */,
				210478E7214AE22600977E16 /* Frameworks */,
				210478E8214AE22600977E16 /* Resources */,
				326B9A23B15B7098F9071A39 /* [CP] Embed Pods Frameworks */,
				29E64A61215D0A66002747DF /* Embed App Extensions */,
				E494764EF0A65FFA4D6F8DCE /* [CP] Copy Pods Resources */,
			);
			buildRules = (
			);
			dependencies = (
				29E64A5C215D0A66002747DF /* PBXTargetDependency */,
			);
			name = Waterfly;
			productName = Waterfly;
			productReference = 210478EA214AE22600977E16 /* Waterfly.app */;
			productType = "com.apple.product-type.application";
		};
		29E64A50215D0A65002747DF /* Timetable */ = {
			isa = PBXNativeTarget;
			buildConfigurationList = 29E64A60215D0A66002747DF /* Build configuration list for PBXNativeTarget "Timetable" */;
			buildPhases = (
				620A9CA68D3AAC2DC8A33373 /* [CP] Check Pods Manifest.lock */,
				29E64A4D215D0A65002747DF /* Sources */,
				29E64A4E215D0A65002747DF /* Frameworks */,
				29E64A4F215D0A65002747DF /* Resources */,
				D80B2740A253C465FB0C9F2E /* [CP] Copy Pods Resources */,
			);
			buildRules = (
			);
			dependencies = (
			);
			name = Timetable;
			productName = Timetable;
			productReference = 29E64A51215D0A65002747DF /* Timetable.appex */;
			productType = "com.apple.product-type.app-extension";
		};
/* End PBXNativeTarget section */

/* Begin PBXProject section */
		210478E2214AE22600977E16 /* Project object */ = {
			isa = PBXProject;
			attributes = {
				LastSwiftUpdateCheck = 1000;
				LastUpgradeCheck = 1000;
				ORGANIZATIONNAME = bhuvan21;
				TargetAttributes = {
					210478E9214AE22600977E16 = {
						CreatedOnToolsVersion = 10.0;
						SystemCapabilities = {
							com.apple.ApplicationGroups.iOS = {
								enabled = 1;
							};
						};
					};
					29E64A50215D0A65002747DF = {
						CreatedOnToolsVersion = 10.0;
						SystemCapabilities = {
							com.apple.ApplicationGroups.iOS = {
								enabled = 1;
							};
						};
					};
				};
			};
			buildConfigurationList = 210478E5214AE22600977E16 /* Build configuration list for PBXProject "Waterfly" */;
			compatibilityVersion = "Xcode 9.3";
			developmentRegion = en;
			hasScannedForEncodings = 0;
			knownRegions = (
				en,
				Base,
			);
			mainGroup = 210478E1214AE22600977E16;
			productRefGroup = 210478EB214AE22600977E16 /* Products */;
			projectDirPath = "";
			projectRoot = "";
			targets = (
				210478E9214AE22600977E16 /* Waterfly */,
				29E64A50215D0A65002747DF /* Timetable */,
			);
		};
/* End PBXProject section */

/* Begin PBXResourcesBuildPhase section */
		210478E8214AE22600977E16 /* Resources */ = {
			isa = PBXResourcesBuildPhase;
			buildActionMask = 2147483647;
			files = (
				210478FA214AE23800977E16 /* LaunchScreen.storyboard in Resources */,
				210478F7214AE23800977E16 /* Assets.xcassets in Resources */,
				210478F5214AE22600977E16 /* Main.storyboard in Resources */,
				2164304E2156D300008341ED /* bar.png in Resources */,
			);
			runOnlyForDeploymentPostprocessing = 0;
		};
		29E64A4F215D0A65002747DF /* Resources */ = {
			isa = PBXResourcesBuildPhase;
			buildActionMask = 2147483647;
			files = (
				29E64A59215D0A66002747DF /* MainInterface.storyboard in Resources */,
			);
			runOnlyForDeploymentPostprocessing = 0;
		};
/* End PBXResourcesBuildPhase section */

/* Begin PBXShellScriptBuildPhase section */
		326B9A23B15B7098F9071A39 /* [CP] Embed Pods Frameworks */ = {
			isa = PBXShellScriptBuildPhase;
			buildActionMask = 2147483647;
			files = (
			);
			inputFileListPaths = (
			);
			inputPaths = (
				"${SRCROOT}/Pods/Target Support Files/Pods-Waterfly/Pods-Waterfly-frameworks.sh",
				"${BUILT_PRODUCTS_DIR}/SwiftyJSON/SwiftyJSON.framework",
			);
			name = "[CP] Embed Pods Frameworks";
			outputFileListPaths = (
			);
			outputPaths = (
				"${TARGET_BUILD_DIR}/${FRAMEWORKS_FOLDER_PATH}/SwiftyJSON.framework",
			);
			runOnlyForDeploymentPostprocessing = 0;
			shellPath = /bin/sh;
			shellScript = "\"${SRCROOT}/Pods/Target Support Files/Pods-Waterfly/Pods-Waterfly-frameworks.sh\"\n";
			showEnvVarsInLog = 0;
		};
		620A9CA68D3AAC2DC8A33373 /* [CP] Check Pods Manifest.lock */ = {
			isa = PBXShellScriptBuildPhase;
			buildActionMask = 2147483647;
			files = (
			);
			inputFileListPaths = (
			);
			inputPaths = (
				"${PODS_PODFILE_DIR_PATH}/Podfile.lock",
				"${PODS_ROOT}/Manifest.lock",
			);
			name = "[CP] Check Pods Manifest.lock";
			outputFileListPaths = (
			);
			outputPaths = (
				"$(DERIVED_FILE_DIR)/Pods-Timetable-checkManifestLockResult.txt",
			);
			runOnlyForDeploymentPostprocessing = 0;
			shellPath = /bin/sh;
			shellScript = "diff \"${PODS_PODFILE_DIR_PATH}/Podfile.lock\" \"${PODS_ROOT}/Manifest.lock\" > /dev/null\nif [ $? != 0 ] ; then\n    # print error to STDERR\n    echo \"error: The sandbox is not in sync with the Podfile.lock. Run 'pod install' or update your CocoaPods installation.\" >&2\n    exit 1\nfi\n# This output is used by Xcode 'outputs' to avoid re-running this script phase.\necho \"SUCCESS\" > \"${SCRIPT_OUTPUT_FILE_0}\"\n";
			showEnvVarsInLog = 0;
		};
		D80B2740A253C465FB0C9F2E /* [CP] Copy Pods Resources */ = {
			isa = PBXShellScriptBuildPhase;
			buildActionMask = 2147483647;
			files = (
			);
			inputFileListPaths = (
			);
			inputPaths = (
			);
			name = "[CP] Copy Pods Resources";
			outputFileListPaths = (
			);
			outputPaths = (
			);
			runOnlyForDeploymentPostprocessing = 0;
			shellPath = /bin/sh;
			shellScript = "\"${SRCROOT}/Pods/Target Support Files/Pods-Timetable/Pods-Timetable-resources.sh\"\n";
			showEnvVarsInLog = 0;
		};
		E494764EF0A65FFA4D6F8DCE /* [CP] Copy Pods Resources */ = {
			isa = PBXShellScriptBuildPhase;
			buildActionMask = 2147483647;
			files = (
			);
			inputFileListPaths = (
			);
			inputPaths = (
			);
			name = "[CP] Copy Pods Resources";
			outputFileListPaths = (
			);
			outputPaths = (
			);
			runOnlyForDeploymentPostprocessing = 0;
			shellPath = /bin/sh;
			shellScript = "\"${SRCROOT}/Pods/Target Support Files/Pods-Waterfly/Pods-Waterfly-resources.sh\"\n";
			showEnvVarsInLog = 0;
		};
		FE808565D3C4E2B07F6DDADC /* [CP] Check Pods Manifest.lock */ = {
			isa = PBXShellScriptBuildPhase;
			buildActionMask = 2147483647;
			files = (
			);
			inputFileListPaths = (
			);
			inputPaths = (
				"${PODS_PODFILE_DIR_PATH}/Podfile.lock",
				"${PODS_ROOT}/Manifest.lock",
			);
			name = "[CP] Check Pods Manifest.lock";
			outputFileListPaths = (
			);
			outputPaths = (
				"$(DERIVED_FILE_DIR)/Pods-Waterfly-checkManifestLockResult.txt",
			);
			runOnlyForDeploymentPostprocessing = 0;
			shellPath = /bin/sh;
			shellScript = "diff \"${PODS_PODFILE_DIR_PATH}/Podfile.lock\" \"${PODS_ROOT}/Manifest.lock\" > /dev/null\nif [ $? != 0 ] ; then\n    # print error to STDERR\n    echo \"error: The sandbox is not in sync with the Podfile.lock. Run 'pod install' or update your CocoaPods installation.\" >&2\n    exit 1\nfi\n# This output is used by Xcode 'outputs' to avoid re-running this script phase.\necho \"SUCCESS\" > \"${SCRIPT_OUTPUT_FILE_0}\"\n";
			showEnvVarsInLog = 0;
		};
/* End PBXShellScriptBuildPhase section */

/* Begin PBXSourcesBuildPhase section */
		210478E6214AE22600977E16 /* Sources */ = {
			isa = PBXSourcesBuildPhase;
			buildActionMask = 2147483647;
			files = (
				21047908214AEE5C00977E16 /* LoadingViewController.swift in Sources */,
				210478F2214AE22600977E16 /* LoginViewController.swift in Sources */,
				21047904214AEDFE00977E16 /* NoticeboardViewController.swift in Sources */,
				216430522156E0B6008341ED /* Singleton.swift in Sources */,
				21047902214AEDEF00977E16 /* TasksViewController.swift in Sources */,
				21643055215AD80D008341ED /* LessonCell.swift in Sources */,
				210478EE214AE22600977E16 /* AppDelegate.swift in Sources */,
				21047906214AEE0A00977E16 /* TimetableViewController.swift in Sources */,
				2104790E214B00F600977E16 /* CustomTextField.swift in Sources */,
			);
			runOnlyForDeploymentPostprocessing = 0;
		};
		29E64A4D215D0A65002747DF /* Sources */ = {
			isa = PBXSourcesBuildPhase;
			buildActionMask = 2147483647;
			files = (
				29E64A56215D0A66002747DF /* TodayViewController.swift in Sources */,
			);
			runOnlyForDeploymentPostprocessing = 0;
		};
/* End PBXSourcesBuildPhase section */

/* Begin PBXTargetDependency section */
		29E64A5C215D0A66002747DF /* PBXTargetDependency */ = {
			isa = PBXTargetDependency;
			target = 29E64A50215D0A65002747DF /* Timetable */;
			targetProxy = 29E64A5B215D0A66002747DF /* PBXContainerItemProxy */;
		};
/* End PBXTargetDependency section */

/* Begin PBXVariantGroup section */
		210478F3214AE22600977E16 /* Main.storyboard */ = {
			isa = PBXVariantGroup;
			children = (
				210478F4214AE22600977E16 /* Base */,
			);
			name = Main.storyboard;
			sourceTree = "<group>";
		};
		210478F8214AE23800977E16 /* LaunchScreen.storyboard */ = {
			isa = PBXVariantGroup;
			children = (
				210478F9214AE23800977E16 /* Base */,
			);
			name = LaunchScreen.storyboard;
			sourceTree = "<group>";
		};
		29E64A57215D0A66002747DF /* MainInterface.storyboard */ = {
			isa = PBXVariantGroup;
			children = (
				29E64A58215D0A66002747DF /* Base */,
			);
			name = MainInterface.storyboard;
			sourceTree = "<group>";
		};
/* End PBXVariantGroup section */

/* Begin XCBuildConfiguration section */
		210478FC214AE23800977E16 /* Debug */ = {
			isa = XCBuildConfiguration;
			buildSettings = {
				ALWAYS_SEARCH_USER_PATHS = NO;
				CLANG_ANALYZER_NONNULL = YES;
				CLANG_ANALYZER_NUMBER_OBJECT_CONVERSION = YES_AGGRESSIVE;
				CLANG_CXX_LANGUAGE_STANDARD = "gnu++14";
				CLANG_CXX_LIBRARY = "libc++";
				CLANG_ENABLE_MODULES = YES;
				CLANG_ENABLE_OBJC_ARC = YES;
				CLANG_ENABLE_OBJC_WEAK = YES;
				CLANG_WARN_BLOCK_CAPTURE_AUTORELEASING = YES;
				CLANG_WARN_BOOL_CONVERSION = YES;
				CLANG_WARN_COMMA = YES;
				CLANG_WARN_CONSTANT_CONVERSION = YES;
				CLANG_WARN_DEPRECATED_OBJC_IMPLEMENTATIONS = YES;
				CLANG_WARN_DIRECT_OBJC_ISA_USAGE = YES_ERROR;
				CLANG_WARN_DOCUMENTATION_COMMENTS = YES;
				CLANG_WARN_EMPTY_BODY = YES;
				CLANG_WARN_ENUM_CONVERSION = YES;
				CLANG_WARN_INFINITE_RECURSION = YES;
				CLANG_WARN_INT_CONVERSION = YES;
				CLANG_WARN_NON_LITERAL_NULL_CONVERSION = YES;
				CLANG_WARN_OBJC_IMPLICIT_RETAIN_SELF = YES;
				CLANG_WARN_OBJC_LITERAL_CONVERSION = YES;
				CLANG_WARN_OBJC_ROOT_CLASS = YES_ERROR;
				CLANG_WARN_RANGE_LOOP_ANALYSIS = YES;
				CLANG_WARN_STRICT_PROTOTYPES = YES;
				CLANG_WARN_SUSPICIOUS_MOVE = YES;
				CLANG_WARN_UNGUARDED_AVAILABILITY = YES_AGGRESSIVE;
				CLANG_WARN_UNREACHABLE_CODE = YES;
				CLANG_WARN__DUPLICATE_METHOD_MATCH = YES;
				CODE_SIGN_IDENTITY = "iPhone Developer";
				COPY_PHASE_STRIP = NO;
				DEBUG_INFORMATION_FORMAT = dwarf;
				ENABLE_STRICT_OBJC_MSGSEND = YES;
				ENABLE_TESTABILITY = YES;
				GCC_C_LANGUAGE_STANDARD = gnu11;
				GCC_DYNAMIC_NO_PIC = NO;
				GCC_NO_COMMON_BLOCKS = YES;
				GCC_OPTIMIZATION_LEVEL = 0;
				GCC_PREPROCESSOR_DEFINITIONS = (
					"DEBUG=1",
					"$(inherited)",
				);
				GCC_WARN_64_TO_32_BIT_CONVERSION = YES;
				GCC_WARN_ABOUT_RETURN_TYPE = YES_ERROR;
				GCC_WARN_UNDECLARED_SELECTOR = YES;
				GCC_WARN_UNINITIALIZED_AUTOS = YES_AGGRESSIVE;
				GCC_WARN_UNUSED_FUNCTION = YES;
				GCC_WARN_UNUSED_VARIABLE = YES;
				IPHONEOS_DEPLOYMENT_TARGET = 12.0;
				MTL_ENABLE_DEBUG_INFO = INCLUDE_SOURCE;
				MTL_FAST_MATH = YES;
				ONLY_ACTIVE_ARCH = YES;
				SDKROOT = iphoneos;
				SWIFT_ACTIVE_COMPILATION_CONDITIONS = DEBUG;
				SWIFT_OPTIMIZATION_LEVEL = "-Onone";
			};
			name = Debug;
		};
		210478FD214AE23800977E16 /* Release */ = {
			isa = XCBuildConfiguration;
			buildSettings = {
				ALWAYS_SEARCH_USER_PATHS = NO;
				CLANG_ANALYZER_NONNULL = YES;
				CLANG_ANALYZER_NUMBER_OBJECT_CONVERSION = YES_AGGRESSIVE;
				CLANG_CXX_LANGUAGE_STANDARD = "gnu++14";
				CLANG_CXX_LIBRARY = "libc++";
				CLANG_ENABLE_MODULES = YES;
				CLANG_ENABLE_OBJC_ARC = YES;
				CLANG_ENABLE_OBJC_WEAK = YES;
				CLANG_WARN_BLOCK_CAPTURE_AUTORELEASING = YES;
				CLANG_WARN_BOOL_CONVERSION = YES;
				CLANG_WARN_COMMA = YES;
				CLANG_WARN_CONSTANT_CONVERSION = YES;
				CLANG_WARN_DEPRECATED_OBJC_IMPLEMENTATIONS = YES;
				CLANG_WARN_DIRECT_OBJC_ISA_USAGE = YES_ERROR;
				CLANG_WARN_DOCUMENTATION_COMMENTS = YES;
				CLANG_WARN_EMPTY_BODY = YES;
				CLANG_WARN_ENUM_CONVERSION = YES;
				CLANG_WARN_INFINITE_RECURSION = YES;
				CLANG_WARN_INT_CONVERSION = YES;
				CLANG_WARN_NON_LITERAL_NULL_CONVERSION = YES;
				CLANG_WARN_OBJC_IMPLICIT_RETAIN_SELF = YES;
				CLANG_WARN_OBJC_LITERAL_CONVERSION = YES;
				CLANG_WARN_OBJC_ROOT_CLASS = YES_ERROR;
				CLANG_WARN_RANGE_LOOP_ANALYSIS = YES;
				CLANG_WARN_STRICT_PROTOTYPES = YES;
				CLANG_WARN_SUSPICIOUS_MOVE = YES;
				CLANG_WARN_UNGUARDED_AVAILABILITY = YES_AGGRESSIVE;
				CLANG_WARN_UNREACHABLE_CODE = YES;
				CLANG_WARN__DUPLICATE_METHOD_MATCH = YES;
				CODE_SIGN_IDENTITY = "iPhone Developer";
				COPY_PHASE_STRIP = NO;
				DEBUG_INFORMATION_FORMAT = "dwarf-with-dsym";
				ENABLE_NS_ASSERTIONS = NO;
				ENABLE_STRICT_OBJC_MSGSEND = YES;
				GCC_C_LANGUAGE_STANDARD = gnu11;
				GCC_NO_COMMON_BLOCKS = YES;
				GCC_WARN_64_TO_32_BIT_CONVERSION = YES;
				GCC_WARN_ABOUT_RETURN_TYPE = YES_ERROR;
				GCC_WARN_UNDECLARED_SELECTOR = YES;
				GCC_WARN_UNINITIALIZED_AUTOS = YES_AGGRESSIVE;
				GCC_WARN_UNUSED_FUNCTION = YES;
				GCC_WARN_UNUSED_VARIABLE = YES;
				IPHONEOS_DEPLOYMENT_TARGET = 12.0;
				MTL_ENABLE_DEBUG_INFO = NO;
				MTL_FAST_MATH = YES;
				SDKROOT = iphoneos;
				SWIFT_COMPILATION_MODE = wholemodule;
				SWIFT_OPTIMIZATION_LEVEL = "-O";
				VALIDATE_PRODUCT = YES;
			};
			name = Release;
		};
		210478FF214AE23800977E16 /* Debug */ = {
			isa = XCBuildConfiguration;
			baseConfigurationReference = C1A3E37C6F77942461A3A8F7 /* Pods-Waterfly.debug.xcconfig */;
			buildSettings = {
				ALWAYS_EMBED_SWIFT_STANDARD_LIBRARIES = YES;
				ASSETCATALOG_COMPILER_APPICON_NAME = AppIcon;
				CODE_SIGN_ENTITLEMENTS = Waterfly/Waterfly.entitlements;
				CODE_SIGN_STYLE = Automatic;
				DEVELOPMENT_TEAM = 8F276LS8S7;
				INFOPLIST_FILE = Waterfly/Info.plist;
				IPHONEOS_DEPLOYMENT_TARGET = 12.0;
				LD_RUNPATH_SEARCH_PATHS = (
					"$(inherited)",
					"@executable_path/Frameworks",
				);
				PRODUCT_BUNDLE_IDENTIFIER = com.bekos.WaterflyIOS;
				PRODUCT_NAME = "$(TARGET_NAME)";
				SWIFT_VERSION = 4.2;
				TARGETED_DEVICE_FAMILY = 1;
			};
			name = Debug;
		};
		21047900214AE23800977E16 /* Release */ = {
			isa = XCBuildConfiguration;
			baseConfigurationReference = AFAC6F9E7A264A1A77CD4E8F /* Pods-Waterfly.release.xcconfig */;
			buildSettings = {
				ALWAYS_EMBED_SWIFT_STANDARD_LIBRARIES = YES;
				ASSETCATALOG_COMPILER_APPICON_NAME = AppIcon;
				CODE_SIGN_ENTITLEMENTS = Waterfly/Waterfly.entitlements;
				CODE_SIGN_STYLE = Automatic;
				DEVELOPMENT_TEAM = 8F276LS8S7;
				INFOPLIST_FILE = Waterfly/Info.plist;
				IPHONEOS_DEPLOYMENT_TARGET = 12.0;
				LD_RUNPATH_SEARCH_PATHS = (
					"$(inherited)",
					"@executable_path/Frameworks",
				);
				PRODUCT_BUNDLE_IDENTIFIER = com.bekos.WaterflyIOS;
				PRODUCT_NAME = "$(TARGET_NAME)";
				SWIFT_VERSION = 4.2;
				TARGETED_DEVICE_FAMILY = 1;
			};
			name = Release;
		};
		29E64A5E215D0A66002747DF /* Debug */ = {
			isa = XCBuildConfiguration;
			baseConfigurationReference = 2B23B51D5E4FCA2D03E2E628 /* Pods-Timetable.debug.xcconfig */;
			buildSettings = {
				CODE_SIGN_ENTITLEMENTS = Timetable/Timetable.entitlements;
				CODE_SIGN_STYLE = Automatic;
				DEVELOPMENT_TEAM = 8F276LS8S7;
				INFOPLIST_FILE = Timetable/Info.plist;
				LD_RUNPATH_SEARCH_PATHS = (
					"$(inherited)",
					"@executable_path/Frameworks",
					"@executable_path/../../Frameworks",
				);
				PRODUCT_BUNDLE_IDENTIFIER = com.bekos.WaterflyIOS.Timetable;
				PRODUCT_NAME = "$(TARGET_NAME)";
				SKIP_INSTALL = YES;
				SWIFT_VERSION = 4.2;
				TARGETED_DEVICE_FAMILY = "1,2";
			};
			name = Debug;
		};
		29E64A5F215D0A66002747DF /* Release */ = {
			isa = XCBuildConfiguration;
			baseConfigurationReference = 1008C7E74236BEC3E6DCF28B /* Pods-Timetable.release.xcconfig */;
			buildSettings = {
				CODE_SIGN_ENTITLEMENTS = Timetable/Timetable.entitlements;
				CODE_SIGN_STYLE = Automatic;
				DEVELOPMENT_TEAM = 8F276LS8S7;
				INFOPLIST_FILE = Timetable/Info.plist;
				LD_RUNPATH_SEARCH_PATHS = (
					"$(inherited)",
					"@executable_path/Frameworks",
					"@executable_path/../../Frameworks",
				);
				PRODUCT_BUNDLE_IDENTIFIER = com.bekos.WaterflyIOS.Timetable;
				PRODUCT_NAME = "$(TARGET_NAME)";
				SKIP_INSTALL = YES;
				SWIFT_VERSION = 4.2;
				TARGETED_DEVICE_FAMILY = "1,2";
			};
			name = Release;
		};
/* End XCBuildConfiguration section */

/* Begin XCConfigurationList section */
		210478E5214AE22600977E16 /* Build configuration list for PBXProject "Waterfly" */ = {
			isa = XCConfigurationList;
			buildConfigurations = (
				210478FC214AE23800977E16 /* Debug */,
				210478FD214AE23800977E16 /* Release */,
			);
			defaultConfigurationIsVisible = 0;
			defaultConfigurationName = Release;
		};
		210478FE214AE23800977E16 /* Build configuration list for PBXNativeTarget "Waterfly" */ = {
			isa = XCConfigurationList;
			buildConfigurations = (
				210478FF214AE23800977E16 /* Debug */,
				21047900214AE23800977E16 /* Release */,
			);
			defaultConfigurationIsVisible = 0;
			defaultConfigurationName = Release;
		};
		29E64A60215D0A66002747DF /* Build configuration list for PBXNativeTarget "Timetable" */ = {
			isa = XCConfigurationList;
			buildConfigurations = (
				29E64A5E215D0A66002747DF /* Debug */,
				29E64A5F215D0A66002747DF /* Release */,
			);
			defaultConfigurationIsVisible = 0;
			defaultConfigurationName = Release;
		};
/* End XCConfigurationList section */
	};
	rootObject = 210478E2214AE22600977E16 /* Project object */;
}
